
Microsoft Visual Studio Solution File, Format Version 12.00
# Visual Studio Version 17
VisualStudioVersion = 17.2.32516.85
MinimumVisualStudioVersion = 10.0.40219.1
Project("{FAE04EC0-301F-11D3-BF4B-00C04F79EFBC}") = "SEDC.WebApi.Class10.SecuringApi", "SEDC.WebApi.Class10.SecuringApi\SEDC.WebApi.Class10.SecuringApi.csproj", "{72B4672D-689C-41F0-A257-4ABBA59674FE}"
EndProject
Global
	GlobalSection(SolutionConfigurationPlatforms) = preSolution
		Debug|Any CPU = Debug|Any CPU
		Release|Any CPU = Release|Any CPU
	EndGlobalSection
	GlobalSection(ProjectConfigurationPlatforms) = postSolution
		{72B4672D-689C-41F0-A257-4ABBA59674FE}.Debug|Any CPU.ActiveCfg = Debug|Any CPU
		{72B4672D-689C-41F0-A257-4ABBA59674FE}.Debug|Any CPU.Build.0 = Debug|Any CPU
		{72B4672D-689C-41F0-A257-4ABBA59674FE}.Release|Any CPU.ActiveCfg = Release|Any CPU
		{72B4672D-689C-41F0-A257-4ABBA59674FE}.Release|Any CPU.Build.0 = Release|Any CPU
	EndGlobalSection
	GlobalSection(SolutionProperties) = preSolution
		HideSolutionNode = FALSE
	EndGlobalSection
	GlobalSection(ExtensibilityGlobals) = postSolution
		SolutionGuid = {F799719F-94B3-4BE7-9DA2-04F79C1E66A4}
	EndGlobalSection
EndGlobal
