
Microsoft Visual Studio Solution File, Format Version 12.00
# Visual Studio Version 17
VisualStudioVersion = 17.2.32516.85
MinimumVisualStudioVersion = 10.0.40219.1
Project("{FAE04EC0-301F-11D3-BF4B-00C04F79EFBC}") = "SEDC.WebApi.Class08.Adonet", "SEDC.WebApi.Class08.Adonet\SEDC.WebApi.Class08.Adonet.csproj", "{F5A57038-F2E0-4B73-9005-3D1EB60A2A4B}"
EndProject
Global
	GlobalSection(SolutionConfigurationPlatforms) = preSolution
		Debug|Any CPU = Debug|Any CPU
		Release|Any CPU = Release|Any CPU
	EndGlobalSection
	GlobalSection(ProjectConfigurationPlatforms) = postSolution
		{F5A57038-F2E0-4B73-9005-3D1EB60A2A4B}.Debug|Any CPU.ActiveCfg = Debug|Any CPU
		{F5A57038-F2E0-4B73-9005-3D1EB60A2A4B}.Debug|Any CPU.Build.0 = Debug|Any CPU
		{F5A57038-F2E0-4B73-9005-3D1EB60A2A4B}.Release|Any CPU.ActiveCfg = Release|Any CPU
		{F5A57038-F2E0-4B73-9005-3D1EB60A2A4B}.Release|Any CPU.Build.0 = Release|Any CPU
	EndGlobalSection
	GlobalSection(SolutionProperties) = preSolution
		HideSolutionNode = FALSE
	EndGlobalSection
	GlobalSection(ExtensibilityGlobals) = postSolution
		SolutionGuid = {8DFEC625-FA15-436D-87F1-3E25C2609E3F}
	EndGlobalSection
EndGlobal
