
Microsoft Visual Studio Solution File, Format Version 12.00
# Visual Studio Version 17
VisualStudioVersion = 17.2.32526.322
MinimumVisualStudioVersion = 10.0.40219.1
Project("{9A19103F-16F7-4668-BE54-9A1E7A4F7556}") = "Notes.Api", "Notes.Api\Notes.Api.csproj", "{E4863EFB-B206-4C79-B473-96964DB4F7BA}"
EndProject
Project("{FAE04EC0-301F-11D3-BF4B-00C04F79EFBC}") = "Notes.Domain", "Notes.Domain\Notes.Domain.csproj", "{A4505538-F842-4EC5-ABDB-2A01857C2B61}"
EndProject
Project("{FAE04EC0-301F-11D3-BF4B-00C04F79EFBC}") = "Notes.Infrastracture", "Notes.Infrastracture\Notes.Infrastracture.csproj", "{68D10C3F-9802-46E7-9CB1-733C5773FD7C}"
EndProject
Project("{FAE04EC0-301F-11D3-BF4B-00C04F79EFBC}") = "Notes.Application", "Notes.Application\Notes.Application.csproj", "{198AB1CF-161A-483B-BF26-F2D1438BF3EB}"
EndProject
Global
	GlobalSection(SolutionConfigurationPlatforms) = preSolution
		Debug|Any CPU = Debug|Any CPU
		Release|Any CPU = Release|Any CPU
	EndGlobalSection
	GlobalSection(ProjectConfigurationPlatforms) = postSolution
		{E4863EFB-B206-4C79-B473-96964DB4F7BA}.Debug|Any CPU.ActiveCfg = Debug|Any CPU
		{E4863EFB-B206-4C79-B473-96964DB4F7BA}.Debug|Any CPU.Build.0 = Debug|Any CPU
		{E4863EFB-B206-4C79-B473-96964DB4F7BA}.Release|Any CPU.ActiveCfg = Release|Any CPU
		{E4863EFB-B206-4C79-B473-96964DB4F7BA}.Release|Any CPU.Build.0 = Release|Any CPU
		{A4505538-F842-4EC5-ABDB-2A01857C2B61}.Debug|Any CPU.ActiveCfg = Debug|Any CPU
		{A4505538-F842-4EC5-ABDB-2A01857C2B61}.Debug|Any CPU.Build.0 = Debug|Any CPU
		{A4505538-F842-4EC5-ABDB-2A01857C2B61}.Release|Any CPU.ActiveCfg = Release|Any CPU
		{A4505538-F842-4EC5-ABDB-2A01857C2B61}.Release|Any CPU.Build.0 = Release|Any CPU
		{68D10C3F-9802-46E7-9CB1-733C5773FD7C}.Debug|Any CPU.ActiveCfg = Debug|Any CPU
		{68D10C3F-9802-46E7-9CB1-733C5773FD7C}.Debug|Any CPU.Build.0 = Debug|Any CPU
		{68D10C3F-9802-46E7-9CB1-733C5773FD7C}.Release|Any CPU.ActiveCfg = Release|Any CPU
		{68D10C3F-9802-46E7-9CB1-733C5773FD7C}.Release|Any CPU.Build.0 = Release|Any CPU
		{198AB1CF-161A-483B-BF26-F2D1438BF3EB}.Debug|Any CPU.ActiveCfg = Debug|Any CPU
		{198AB1CF-161A-483B-BF26-F2D1438BF3EB}.Debug|Any CPU.Build.0 = Debug|Any CPU
		{198AB1CF-161A-483B-BF26-F2D1438BF3EB}.Release|Any CPU.ActiveCfg = Release|Any CPU
		{198AB1CF-161A-483B-BF26-F2D1438BF3EB}.Release|Any CPU.Build.0 = Release|Any CPU
	EndGlobalSection
	GlobalSection(SolutionProperties) = preSolution
		HideSolutionNode = FALSE
	EndGlobalSection
	GlobalSection(ExtensibilityGlobals) = postSolution
		SolutionGuid = {04641235-3051-41FB-8720-698CF0BDD8C2}
	EndGlobalSection
EndGlobal
