
Microsoft Visual Studio Solution File, Format Version 12.00
# Visual Studio Version 17
VisualStudioVersion = 17.2.32630.192
MinimumVisualStudioVersion = 10.0.40219.1
Project("{9A19103F-16F7-4668-BE54-9A1E7A4F7556}") = "NotesApp.API", "NotesApp.API\NotesApp.API.csproj", "{86E84AE3-2A15-4632-9DD4-DFA00900838D}"
EndProject
Project("{9A19103F-16F7-4668-BE54-9A1E7A4F7556}") = "NotesApp.DataModels", "NotesApp.DataModels\NotesApp.DataModels.csproj", "{100201C1-72F6-434E-91EC-DA5038E72CA4}"
EndProject
Project("{9A19103F-16F7-4668-BE54-9A1E7A4F7556}") = "NotesApp.DAL", "NotesApp.DAL\NotesApp.DAL.csproj", "{94873335-7B7F-4BB6-8C7A-D862D62D46F4}"
EndProject
Project("{9A19103F-16F7-4668-BE54-9A1E7A4F7556}") = "NotesApp.InerfaceModels", "SEDC.Notes.InerfaceModels\NotesApp.InerfaceModels.csproj", "{FE72F0A7-5DEB-48C9-B782-BAB1B889F565}"
EndProject
Project("{9A19103F-16F7-4668-BE54-9A1E7A4F7556}") = "NotesApp.Services", "NotesApp.Services\NotesApp.Services.csproj", "{DA1DA086-25C3-4250-8FA3-CF4E436E781B}"
EndProject
Project("{9A19103F-16F7-4668-BE54-9A1E7A4F7556}") = "Utilities", "Utilities\Utilities.csproj", "{570C6D6B-637E-44B0-BBE4-91BA9ECBF970}"
EndProject
Project("{9A19103F-16F7-4668-BE54-9A1E7A4F7556}") = "NotesApp.Configurations", "NotesApp.Configurations\NotesApp.Configurations.csproj", "{2E7C4E7D-1C8E-4572-AE41-88A5DCF7D090}"
EndProject
Project("{9A19103F-16F7-4668-BE54-9A1E7A4F7556}") = "NotesApp.Mapper", "NotesApp.Mapper\NotesApp.Mapper.csproj", "{BFCF5910-D7C6-495A-869E-4A5FB7E7BC69}"
EndProject
Project("{FAE04EC0-301F-11D3-BF4B-00C04F79EFBC}") = "NotesApp.Helpers", "NotesApp.Helpers\NotesApp.Helpers.csproj", "{27136E4E-8B4C-4FEB-8802-5C0E57ABF987}"
EndProject
Project("{FAE04EC0-301F-11D3-BF4B-00C04F79EFBC}") = "NotesApp.Exceptions", "NotesApp.Exceptions\NotesApp.Exceptions.csproj", "{AA2D391A-5145-400C-829A-D78D3CE4A09C}"
EndProject
Global
	GlobalSection(SolutionConfigurationPlatforms) = preSolution
		Debug|Any CPU = Debug|Any CPU
		Release|Any CPU = Release|Any CPU
	EndGlobalSection
	GlobalSection(ProjectConfigurationPlatforms) = postSolution
		{86E84AE3-2A15-4632-9DD4-DFA00900838D}.Debug|Any CPU.ActiveCfg = Debug|Any CPU
		{86E84AE3-2A15-4632-9DD4-DFA00900838D}.Debug|Any CPU.Build.0 = Debug|Any CPU
		{86E84AE3-2A15-4632-9DD4-DFA00900838D}.Release|Any CPU.ActiveCfg = Release|Any CPU
		{86E84AE3-2A15-4632-9DD4-DFA00900838D}.Release|Any CPU.Build.0 = Release|Any CPU
		{100201C1-72F6-434E-91EC-DA5038E72CA4}.Debug|Any CPU.ActiveCfg = Debug|Any CPU
		{100201C1-72F6-434E-91EC-DA5038E72CA4}.Debug|Any CPU.Build.0 = Debug|Any CPU
		{100201C1-72F6-434E-91EC-DA5038E72CA4}.Release|Any CPU.ActiveCfg = Release|Any CPU
		{100201C1-72F6-434E-91EC-DA5038E72CA4}.Release|Any CPU.Build.0 = Release|Any CPU
		{94873335-7B7F-4BB6-8C7A-D862D62D46F4}.Debug|Any CPU.ActiveCfg = Debug|Any CPU
		{94873335-7B7F-4BB6-8C7A-D862D62D46F4}.Debug|Any CPU.Build.0 = Debug|Any CPU
		{94873335-7B7F-4BB6-8C7A-D862D62D46F4}.Release|Any CPU.ActiveCfg = Release|Any CPU
		{94873335-7B7F-4BB6-8C7A-D862D62D46F4}.Release|Any CPU.Build.0 = Release|Any CPU
		{FE72F0A7-5DEB-48C9-B782-BAB1B889F565}.Debug|Any CPU.ActiveCfg = Debug|Any CPU
		{FE72F0A7-5DEB-48C9-B782-BAB1B889F565}.Debug|Any CPU.Build.0 = Debug|Any CPU
		{FE72F0A7-5DEB-48C9-B782-BAB1B889F565}.Release|Any CPU.ActiveCfg = Release|Any CPU
		{FE72F0A7-5DEB-48C9-B782-BAB1B889F565}.Release|Any CPU.Build.0 = Release|Any CPU
		{DA1DA086-25C3-4250-8FA3-CF4E436E781B}.Debug|Any CPU.ActiveCfg = Debug|Any CPU
		{DA1DA086-25C3-4250-8FA3-CF4E436E781B}.Debug|Any CPU.Build.0 = Debug|Any CPU
		{DA1DA086-25C3-4250-8FA3-CF4E436E781B}.Release|Any CPU.ActiveCfg = Release|Any CPU
		{DA1DA086-25C3-4250-8FA3-CF4E436E781B}.Release|Any CPU.Build.0 = Release|Any CPU
		{570C6D6B-637E-44B0-BBE4-91BA9ECBF970}.Debug|Any CPU.ActiveCfg = Debug|Any CPU
		{570C6D6B-637E-44B0-BBE4-91BA9ECBF970}.Debug|Any CPU.Build.0 = Debug|Any CPU
		{570C6D6B-637E-44B0-BBE4-91BA9ECBF970}.Release|Any CPU.ActiveCfg = Release|Any CPU
		{570C6D6B-637E-44B0-BBE4-91BA9ECBF970}.Release|Any CPU.Build.0 = Release|Any CPU
		{2E7C4E7D-1C8E-4572-AE41-88A5DCF7D090}.Debug|Any CPU.ActiveCfg = Debug|Any CPU
		{2E7C4E7D-1C8E-4572-AE41-88A5DCF7D090}.Debug|Any CPU.Build.0 = Debug|Any CPU
		{2E7C4E7D-1C8E-4572-AE41-88A5DCF7D090}.Release|Any CPU.ActiveCfg = Release|Any CPU
		{2E7C4E7D-1C8E-4572-AE41-88A5DCF7D090}.Release|Any CPU.Build.0 = Release|Any CPU
		{BFCF5910-D7C6-495A-869E-4A5FB7E7BC69}.Debug|Any CPU.ActiveCfg = Debug|Any CPU
		{BFCF5910-D7C6-495A-869E-4A5FB7E7BC69}.Debug|Any CPU.Build.0 = Debug|Any CPU
		{BFCF5910-D7C6-495A-869E-4A5FB7E7BC69}.Release|Any CPU.ActiveCfg = Release|Any CPU
		{BFCF5910-D7C6-495A-869E-4A5FB7E7BC69}.Release|Any CPU.Build.0 = Release|Any CPU
		{27136E4E-8B4C-4FEB-8802-5C0E57ABF987}.Debug|Any CPU.ActiveCfg = Debug|Any CPU
		{27136E4E-8B4C-4FEB-8802-5C0E57ABF987}.Debug|Any CPU.Build.0 = Debug|Any CPU
		{27136E4E-8B4C-4FEB-8802-5C0E57ABF987}.Release|Any CPU.ActiveCfg = Release|Any CPU
		{27136E4E-8B4C-4FEB-8802-5C0E57ABF987}.Release|Any CPU.Build.0 = Release|Any CPU
		{AA2D391A-5145-400C-829A-D78D3CE4A09C}.Debug|Any CPU.ActiveCfg = Debug|Any CPU
		{AA2D391A-5145-400C-829A-D78D3CE4A09C}.Debug|Any CPU.Build.0 = Debug|Any CPU
		{AA2D391A-5145-400C-829A-D78D3CE4A09C}.Release|Any CPU.ActiveCfg = Release|Any CPU
		{AA2D391A-5145-400C-829A-D78D3CE4A09C}.Release|Any CPU.Build.0 = Release|Any CPU
	EndGlobalSection
	GlobalSection(SolutionProperties) = preSolution
		HideSolutionNode = FALSE
	EndGlobalSection
	GlobalSection(ExtensibilityGlobals) = postSolution
		SolutionGuid = {D4F7DAB2-2402-4347-B103-CBE23675433E}
	EndGlobalSection
EndGlobal
