
Microsoft Visual Studio Solution File, Format Version 12.00
# Visual Studio Version 17
VisualStudioVersion = 17.2.32630.192
MinimumVisualStudioVersion = 10.0.40219.1
Project("{FAE04EC0-301F-11D3-BF4B-00C04F79EFBC}") = "NotesApp.API", "NotesApp.API\NotesApp.API.csproj", "{86E84AE3-2A15-4632-9DD4-DFA00900838D}"
EndProject
Project("{FAE04EC0-301F-11D3-BF4B-00C04F79EFBC}") = "NotesApp.DataModels", "NotesApp.DataModels\NotesApp.DataModels.csproj", "{100201C1-72F6-434E-91EC-DA5038E72CA4}"
EndProject
Project("{FAE04EC0-301F-11D3-BF4B-00C04F79EFBC}") = "NotesApp.DAL", "NotesApp.DAL\NotesApp.DAL.csproj", "{94873335-7B7F-4BB6-8C7A-D862D62D46F4}"
EndProject
Global
	GlobalSection(SolutionConfigurationPlatforms) = preSolution
		Debug|Any CPU = Debug|Any CPU
		Release|Any CPU = Release|Any CPU
	EndGlobalSection
	GlobalSection(ProjectConfigurationPlatforms) = postSolution
		{86E84AE3-2A15-4632-9DD4-DFA00900838D}.Debug|Any CPU.ActiveCfg = Debug|Any CPU
		{86E84AE3-2A15-4632-9DD4-DFA00900838D}.Debug|Any CPU.Build.0 = Debug|Any CPU
		{86E84AE3-2A15-4632-9DD4-DFA00900838D}.Release|Any CPU.ActiveCfg = Release|Any CPU
		{86E84AE3-2A15-4632-9DD4-DFA00900838D}.Release|Any CPU.Build.0 = Release|Any CPU
		{100201C1-72F6-434E-91EC-DA5038E72CA4}.Debug|Any CPU.ActiveCfg = Debug|Any CPU
		{100201C1-72F6-434E-91EC-DA5038E72CA4}.Debug|Any CPU.Build.0 = Debug|Any CPU
		{100201C1-72F6-434E-91EC-DA5038E72CA4}.Release|Any CPU.ActiveCfg = Release|Any CPU
		{100201C1-72F6-434E-91EC-DA5038E72CA4}.Release|Any CPU.Build.0 = Release|Any CPU
		{94873335-7B7F-4BB6-8C7A-D862D62D46F4}.Debug|Any CPU.ActiveCfg = Debug|Any CPU
		{94873335-7B7F-4BB6-8C7A-D862D62D46F4}.Debug|Any CPU.Build.0 = Debug|Any CPU
		{94873335-7B7F-4BB6-8C7A-D862D62D46F4}.Release|Any CPU.ActiveCfg = Release|Any CPU
		{94873335-7B7F-4BB6-8C7A-D862D62D46F4}.Release|Any CPU.Build.0 = Release|Any CPU
	EndGlobalSection
	GlobalSection(SolutionProperties) = preSolution
		HideSolutionNode = FALSE
	EndGlobalSection
	GlobalSection(ExtensibilityGlobals) = postSolution
		SolutionGuid = {D4F7DAB2-2402-4347-B103-CBE23675433E}
	EndGlobalSection
EndGlobal
