
Microsoft Visual Studio Solution File, Format Version 12.00
# Visual Studio Version 17
VisualStudioVersion = 17.2.32630.192
MinimumVisualStudioVersion = 10.0.40219.1
Project("{FAE04EC0-301F-11D3-BF4B-00C04F79EFBC}") = "ASPNETAPI-G2-L1", "ASPNETAPI-G2-L1\ASPNETAPI-G2-L1.csproj", "{69DFF0BE-77E2-4A0C-8DF8-ACBCDD8F0EF0}"
EndProject
Global
	GlobalSection(SolutionConfigurationPlatforms) = preSolution
		Debug|Any CPU = Debug|Any CPU
		Release|Any CPU = Release|Any CPU
	EndGlobalSection
	GlobalSection(ProjectConfigurationPlatforms) = postSolution
		{69DFF0BE-77E2-4A0C-8DF8-ACBCDD8F0EF0}.Debug|Any CPU.ActiveCfg = Debug|Any CPU
		{69DFF0BE-77E2-4A0C-8DF8-ACBCDD8F0EF0}.Debug|Any CPU.Build.0 = Debug|Any CPU
		{69DFF0BE-77E2-4A0C-8DF8-ACBCDD8F0EF0}.Release|Any CPU.ActiveCfg = Release|Any CPU
		{69DFF0BE-77E2-4A0C-8DF8-ACBCDD8F0EF0}.Release|Any CPU.Build.0 = Release|Any CPU
	EndGlobalSection
	GlobalSection(SolutionProperties) = preSolution
		HideSolutionNode = FALSE
	EndGlobalSection
	GlobalSection(ExtensibilityGlobals) = postSolution
		SolutionGuid = {6113D8EE-BEEC-44EC-ABA1-92EB3E0AC820}
	EndGlobalSection
EndGlobal
