
Microsoft Visual Studio Solution File, Format Version 12.00
# Visual Studio Version 17
VisualStudioVersion = 17.2.32630.192
MinimumVisualStudioVersion = 10.0.40219.1
Project("{FAE04EC0-301F-11D3-BF4B-00C04F79EFBC}") = "NotesApp.TestData", "NotesApp.TestData\NotesApp.TestData.csproj", "{288D57C5-38E4-4C7F-ABB2-F2447EE69F05}"
EndProject
Global
	GlobalSection(SolutionConfigurationPlatforms) = preSolution
		Debug|Any CPU = Debug|Any CPU
		Release|Any CPU = Release|Any CPU
	EndGlobalSection
	GlobalSection(ProjectConfigurationPlatforms) = postSolution
		{288D57C5-38E4-4C7F-ABB2-F2447EE69F05}.Debug|Any CPU.ActiveCfg = Debug|Any CPU
		{288D57C5-38E4-4C7F-ABB2-F2447EE69F05}.Debug|Any CPU.Build.0 = Debug|Any CPU
		{288D57C5-38E4-4C7F-ABB2-F2447EE69F05}.Release|Any CPU.ActiveCfg = Release|Any CPU
		{288D57C5-38E4-4C7F-ABB2-F2447EE69F05}.Release|Any CPU.Build.0 = Release|Any CPU
	EndGlobalSection
	GlobalSection(SolutionProperties) = preSolution
		HideSolutionNode = FALSE
	EndGlobalSection
	GlobalSection(ExtensibilityGlobals) = postSolution
		SolutionGuid = {6016D4E4-C10A-4087-A5B1-A94DD8BF28C7}
	EndGlobalSection
EndGlobal
