
Microsoft Visual Studio Solution File, Format Version 12.00
# Visual Studio Version 17
VisualStudioVersion = 17.2.32616.157
MinimumVisualStudioVersion = 10.0.40219.1
Project("{FAE04EC0-301F-11D3-BF4B-00C04F79EFBC}") = "MovieManager.API", "MovieManager.API\MovieManager.API.csproj", "{ECAF0D6E-5845-4240-A190-86E8EF49F49E}"
EndProject
Project("{FAE04EC0-301F-11D3-BF4B-00C04F79EFBC}") = "MovieManager.Domain", "MovieManager.Domain\MovieManager.Domain.csproj", "{98D305F8-568E-4A3B-A114-B561095C5BC3}"
EndProject
Project("{FAE04EC0-301F-11D3-BF4B-00C04F79EFBC}") = "MovieManager.Application", "MovieManager.Application\MovieManager.Application.csproj", "{45C5FB13-B751-4202-91C7-C157323814EC}"
EndProject
Project("{FAE04EC0-301F-11D3-BF4B-00C04F79EFBC}") = "MovieManager.Infrastructure", "MovieManager.Infrastructure\MovieManager.Infrastructure.csproj", "{D87879A0-E235-4CC3-8A97-9617B266F831}"
EndProject
Global
	GlobalSection(SolutionConfigurationPlatforms) = preSolution
		Debug|Any CPU = Debug|Any CPU
		Release|Any CPU = Release|Any CPU
	EndGlobalSection
	GlobalSection(ProjectConfigurationPlatforms) = postSolution
		{ECAF0D6E-5845-4240-A190-86E8EF49F49E}.Debug|Any CPU.ActiveCfg = Debug|Any CPU
		{ECAF0D6E-5845-4240-A190-86E8EF49F49E}.Debug|Any CPU.Build.0 = Debug|Any CPU
		{ECAF0D6E-5845-4240-A190-86E8EF49F49E}.Release|Any CPU.ActiveCfg = Release|Any CPU
		{ECAF0D6E-5845-4240-A190-86E8EF49F49E}.Release|Any CPU.Build.0 = Release|Any CPU
		{98D305F8-568E-4A3B-A114-B561095C5BC3}.Debug|Any CPU.ActiveCfg = Debug|Any CPU
		{98D305F8-568E-4A3B-A114-B561095C5BC3}.Debug|Any CPU.Build.0 = Debug|Any CPU
		{98D305F8-568E-4A3B-A114-B561095C5BC3}.Release|Any CPU.ActiveCfg = Release|Any CPU
		{98D305F8-568E-4A3B-A114-B561095C5BC3}.Release|Any CPU.Build.0 = Release|Any CPU
		{45C5FB13-B751-4202-91C7-C157323814EC}.Debug|Any CPU.ActiveCfg = Debug|Any CPU
		{45C5FB13-B751-4202-91C7-C157323814EC}.Debug|Any CPU.Build.0 = Debug|Any CPU
		{45C5FB13-B751-4202-91C7-C157323814EC}.Release|Any CPU.ActiveCfg = Release|Any CPU
		{45C5FB13-B751-4202-91C7-C157323814EC}.Release|Any CPU.Build.0 = Release|Any CPU
		{D87879A0-E235-4CC3-8A97-9617B266F831}.Debug|Any CPU.ActiveCfg = Debug|Any CPU
		{D87879A0-E235-4CC3-8A97-9617B266F831}.Debug|Any CPU.Build.0 = Debug|Any CPU
		{D87879A0-E235-4CC3-8A97-9617B266F831}.Release|Any CPU.ActiveCfg = Release|Any CPU
		{D87879A0-E235-4CC3-8A97-9617B266F831}.Release|Any CPU.Build.0 = Release|Any CPU
	EndGlobalSection
	GlobalSection(SolutionProperties) = preSolution
		HideSolutionNode = FALSE
	EndGlobalSection
	GlobalSection(ExtensibilityGlobals) = postSolution
		SolutionGuid = {07E20564-CC40-46C0-BBD1-232928FFC36B}
	EndGlobalSection
EndGlobal
