
Microsoft Visual Studio Solution File, Format Version 12.00
# Visual Studio Version 17
VisualStudioVersion = 17.3.32825.248
MinimumVisualStudioVersion = 10.0.40219.1
Project("{FAE04EC0-301F-11D3-BF4B-00C04F79EFBC}") = "Unit_Testing", "Unit_Testing\Unit_Testing.csproj", "{2007495D-AAC9-4B5E-889F-9F8D03EF4C56}"
EndProject
Project("{FAE04EC0-301F-11D3-BF4B-00C04F79EFBC}") = "Services", "Services\Services.csproj", "{96C1CEBE-5DAA-45C3-A00E-9F47FF28E8C5}"
EndProject
Project("{FAE04EC0-301F-11D3-BF4B-00C04F79EFBC}") = "Unit_Testing_Tests", "Unit_Testing_Tests\Unit_Testing_Tests.csproj", "{E78464CD-11CA-409C-B30E-955D9C0FA386}"
EndProject
Global
	GlobalSection(SolutionConfigurationPlatforms) = preSolution
		Debug|Any CPU = Debug|Any CPU
		Release|Any CPU = Release|Any CPU
	EndGlobalSection
	GlobalSection(ProjectConfigurationPlatforms) = postSolution
		{2007495D-AAC9-4B5E-889F-9F8D03EF4C56}.Debug|Any CPU.ActiveCfg = Debug|Any CPU
		{2007495D-AAC9-4B5E-889F-9F8D03EF4C56}.Debug|Any CPU.Build.0 = Debug|Any CPU
		{2007495D-AAC9-4B5E-889F-9F8D03EF4C56}.Release|Any CPU.ActiveCfg = Release|Any CPU
		{2007495D-AAC9-4B5E-889F-9F8D03EF4C56}.Release|Any CPU.Build.0 = Release|Any CPU
		{96C1CEBE-5DAA-45C3-A00E-9F47FF28E8C5}.Debug|Any CPU.ActiveCfg = Debug|Any CPU
		{96C1CEBE-5DAA-45C3-A00E-9F47FF28E8C5}.Debug|Any CPU.Build.0 = Debug|Any CPU
		{96C1CEBE-5DAA-45C3-A00E-9F47FF28E8C5}.Release|Any CPU.ActiveCfg = Release|Any CPU
		{96C1CEBE-5DAA-45C3-A00E-9F47FF28E8C5}.Release|Any CPU.Build.0 = Release|Any CPU
		{E78464CD-11CA-409C-B30E-955D9C0FA386}.Debug|Any CPU.ActiveCfg = Debug|Any CPU
		{E78464CD-11CA-409C-B30E-955D9C0FA386}.Debug|Any CPU.Build.0 = Debug|Any CPU
		{E78464CD-11CA-409C-B30E-955D9C0FA386}.Release|Any CPU.ActiveCfg = Release|Any CPU
		{E78464CD-11CA-409C-B30E-955D9C0FA386}.Release|Any CPU.Build.0 = Release|Any CPU
	EndGlobalSection
	GlobalSection(SolutionProperties) = preSolution
		HideSolutionNode = FALSE
	EndGlobalSection
	GlobalSection(ExtensibilityGlobals) = postSolution
		SolutionGuid = {35479543-D53A-4521-AA88-77D87242F725}
	EndGlobalSection
EndGlobal
